graphifyy @ git+https://github.com/Graphify-Labs/graphify.git@3f82bf7f837a07fb0f7668fbdbd5662801906942
networkx==3.6.1
numpy==2.5.3
rapidfuzz==3.14.6
tree-sitter==0.25.2
tree-sitter-bash==0.25.1
tree-sitter-c==0.24.2
tree-sitter-c-sharp==0.23.5
tree-sitter-cpp==0.23.4
tree-sitter-elixir==0.3.5
tree-sitter-fortran==0.6.0
tree-sitter-go==0.25.0
tree-sitter-groovy==0.1.2
tree-sitter-java==0.23.5
tree-sitter-javascript==0.25.0
tree-sitter-json==0.24.8
tree-sitter-julia==0.23.1
tree-sitter-kotlin==1.1.0
tree-sitter-lua==0.5.0
tree-sitter-objc==3.0.2
tree-sitter-php==0.24.1
tree-sitter-powershell==0.26.4
tree-sitter-python==0.25.0
tree-sitter-ruby==0.23.1
tree-sitter-rust==0.24.2
tree-sitter-scala==0.26.2
tree-sitter-swift==0.7.3
tree-sitter-typescript==0.23.2
tree-sitter-verilog==1.0.3
tree-sitter-zig==1.1.2
